
Microsoft Visual Studio Solution File, Format Version 12.00
# Visual Studio 2012
Project("{FAE04EC0-301F-11D3-BF4B-00C04F79EFBC}") = "StarLink", "StarLink\StarLink.csproj", "{77E30E7C-1480-40EE-BECA-45EAADFEF038}"
EndProject
Project("{2150E333-8FDC-42A3-9474-1A3956D46DE8}") = "Samples", "Samples", "{4267EC8C-4D0A-4247-856D-244C3F946766}"
EndProject
Project("{FAE04EC0-301F-11D3-BF4B-00C04F79EFBC}") = "ChatClient", "Samples\ChatClient\ChatClient.csproj", "{016257E0-29F9-4631-A7AF-AF86C9FF61B6}"
EndProject
Project("{FAE04EC0-301F-11D3-BF4B-00C04F79EFBC}") = "ChatServer", "Samples\ChatServer\ChatServer.csproj", "{BE191337-FEA7-43DF-8971-F57DCA3093CF}"
EndProject
Project("{FAE04EC0-301F-11D3-BF4B-00C04F79EFBC}") = "StarDataTests", "Samples\StarDataTests\StarDataTests.csproj", "{381DBBD1-BCC0-4F3F-8A07-4735FFF6EDCC}"
EndProject
Project("{FAE04EC0-301F-11D3-BF4B-00C04F79EFBC}") = "StarLink.Unity3D", "StarLink.Unity3D\StarLink.Unity3D.csproj", "{E109DC35-D027-4AC2-8F6F-6C40105D083E}"
EndProject
Global
	GlobalSection(SolutionConfigurationPlatforms) = preSolution
		Debug|Any CPU = Debug|Any CPU
		Release|Any CPU = Release|Any CPU
	EndGlobalSection
	GlobalSection(ProjectConfigurationPlatforms) = postSolution
		{016257E0-29F9-4631-A7AF-AF86C9FF61B6}.Debug|Any CPU.ActiveCfg = Debug|Any CPU
		{016257E0-29F9-4631-A7AF-AF86C9FF61B6}.Debug|Any CPU.Build.0 = Debug|Any CPU
		{016257E0-29F9-4631-A7AF-AF86C9FF61B6}.Release|Any CPU.ActiveCfg = Release|Any CPU
		{016257E0-29F9-4631-A7AF-AF86C9FF61B6}.Release|Any CPU.Build.0 = Release|Any CPU
		{381DBBD1-BCC0-4F3F-8A07-4735FFF6EDCC}.Debug|Any CPU.ActiveCfg = Debug|Any CPU
		{381DBBD1-BCC0-4F3F-8A07-4735FFF6EDCC}.Debug|Any CPU.Build.0 = Debug|Any CPU
		{381DBBD1-BCC0-4F3F-8A07-4735FFF6EDCC}.Release|Any CPU.ActiveCfg = Release|Any CPU
		{381DBBD1-BCC0-4F3F-8A07-4735FFF6EDCC}.Release|Any CPU.Build.0 = Release|Any CPU
		{77E30E7C-1480-40EE-BECA-45EAADFEF038}.Debug|Any CPU.ActiveCfg = Debug|Any CPU
		{77E30E7C-1480-40EE-BECA-45EAADFEF038}.Debug|Any CPU.Build.0 = Debug|Any CPU
		{77E30E7C-1480-40EE-BECA-45EAADFEF038}.Release|Any CPU.ActiveCfg = Release|Any CPU
		{77E30E7C-1480-40EE-BECA-45EAADFEF038}.Release|Any CPU.Build.0 = Release|Any CPU
		{BE191337-FEA7-43DF-8971-F57DCA3093CF}.Debug|Any CPU.ActiveCfg = Debug|Any CPU
		{BE191337-FEA7-43DF-8971-F57DCA3093CF}.Debug|Any CPU.Build.0 = Debug|Any CPU
		{BE191337-FEA7-43DF-8971-F57DCA3093CF}.Release|Any CPU.ActiveCfg = Release|Any CPU
		{BE191337-FEA7-43DF-8971-F57DCA3093CF}.Release|Any CPU.Build.0 = Release|Any CPU
		{E109DC35-D027-4AC2-8F6F-6C40105D083E}.Debug|Any CPU.ActiveCfg = Debug|Any CPU
		{E109DC35-D027-4AC2-8F6F-6C40105D083E}.Debug|Any CPU.Build.0 = Debug|Any CPU
		{E109DC35-D027-4AC2-8F6F-6C40105D083E}.Release|Any CPU.ActiveCfg = Release|Any CPU
		{E109DC35-D027-4AC2-8F6F-6C40105D083E}.Release|Any CPU.Build.0 = Release|Any CPU
	EndGlobalSection
	GlobalSection(NestedProjects) = preSolution
		{016257E0-29F9-4631-A7AF-AF86C9FF61B6} = {4267EC8C-4D0A-4247-856D-244C3F946766}
		{BE191337-FEA7-43DF-8971-F57DCA3093CF} = {4267EC8C-4D0A-4247-856D-244C3F946766}
		{381DBBD1-BCC0-4F3F-8A07-4735FFF6EDCC} = {4267EC8C-4D0A-4247-856D-244C3F946766}
	EndGlobalSection
	GlobalSection(SolutionProperties) = preSolution
		HideSolutionNode = FALSE
	EndGlobalSection
EndGlobal
