{
  "name": "node-client",
  "version": "0.0.0",
  "lockfileVersion": 2,
  "requires": true,
  "packages": {
    "": {
      "name": "node-client",
      "version": "0.0.0",
      "dependencies": {
        "ws": "^8.0.0"
      },
      "devDependencies": {
        "@types/node": "^14.14.7",
        "typescript": "^4.0.5"
      }
    },
    "node_modules/@types/node": {
      "version": "14.17.7",
      "resolved": "https://registry.npmjs.org/@types/node/-/node-14.17.7.tgz",
      "integrity": "sha512-SYTdMaW47se8499q8m0fYKZZRlmq0RaRv6oYmlVm6DUm31l0fhOl1D03X8hGxohCKTI2Bg6w7W0TiYB51aJzag==",
      "dev": true
    },
    "node_modules/typescript": {
      "version": "4.3.5",
      "resolved": "https://registry.npmjs.org/typescript/-/typescript-4.3.5.tgz",
      "integrity": "sha512-DqQgihaQ9cUrskJo9kIyW/+g0Vxsk8cDtZ52a3NGh0YNTfpUSArXSohyUGnvbPazEPLu398C0UxmKSOrPumUzA==",
      "dev": true,
      "bin": {
        "tsc": "bin/tsc",
        "tsserver": "bin/tsserver"
      },
      "engines": {
        "node": ">=4.2.0"
      }
    },
    "node_modules/ws": {
      "version": "8.0.0",
      "resolved": "https://registry.npmjs.org/ws/-/ws-8.0.0.tgz",
      "integrity": "sha512-6AcSIXpBlS0QvCVKk+3cWnWElLsA6SzC0lkQ43ciEglgXJXiCWK3/CGFEJ+Ybgp006CMibamAsqOlxE9s4AvYA==",
      "engines": {
        "node": ">=10.0.0"
      },
      "peerDependencies": {
        "bufferutil": "^4.0.1",
        "utf-8-validate": "^5.0.2"
      },
      "peerDependenciesMeta": {
        "bufferutil": {
          "optional": true
        },
        "utf-8-validate": {
          "optional": true
        }
      }
    }
  },
  "dependencies": {
    "@types/node": {
      "version": "14.17.7",
      "resolved": "https://registry.npmjs.org/@types/node/-/node-14.17.7.tgz",
      "integrity": "sha512-SYTdMaW47se8499q8m0fYKZZRlmq0RaRv6oYmlVm6DUm31l0fhOl1D03X8hGxohCKTI2Bg6w7W0TiYB51aJzag==",
      "dev": true
    },
    "typescript": {
      "version": "4.3.5",
      "resolved": "https://registry.npmjs.org/typescript/-/typescript-4.3.5.tgz",
      "integrity": "sha512-DqQgihaQ9cUrskJo9kIyW/+g0Vxsk8cDtZ52a3NGh0YNTfpUSArXSohyUGnvbPazEPLu398C0UxmKSOrPumUzA==",
      "dev": true
    },
    "ws": {
      "version": "8.0.0",
      "resolved": "https://registry.npmjs.org/ws/-/ws-8.0.0.tgz",
      "integrity": "sha512-6AcSIXpBlS0QvCVKk+3cWnWElLsA6SzC0lkQ43ciEglgXJXiCWK3/CGFEJ+Ybgp006CMibamAsqOlxE9s4AvYA==",
      "requires": {}
    }
  }
}
